
Microsoft Visual Studio Solution File, Format Version 11.00
# Visual Studio 2010
Project("{E097FAD1-6243-4DAD-9C02-E9B9EFC3FFC1}") = "Assembly-CSharp", "Assembly-CSharp.csproj", "{A183BF61-333B-A1B6-625D-101BB4996D69}"
EndProject
Project("{E097FAD1-6243-4DAD-9C02-E9B9EFC3FFC1}") = "Assembly-CSharp-Editor-firstpass", "Assembly-CSharp-Editor-firstpass.csproj", "{25DBB69F-176C-1A5B-D9A5-1308C2E3E178}"
EndProject
Project("{E097FAD1-6243-4DAD-9C02-E9B9EFC3FFC1}") = "Assembly-CSharp-Editor", "Assembly-CSharp-Editor.csproj", "{EEFB7BA4-D312-CFF4-D0B4-72DEC0923BDF}"
EndProject
Global
	GlobalSection(SolutionConfigurationPlatforms) = preSolution
		Debug|Any CPU = Debug|Any CPU
		Release|Any CPU = Release|Any CPU
	EndGlobalSection
	GlobalSection(ProjectConfigurationPlatforms) = postSolution
		{A183BF61-333B-A1B6-625D-101BB4996D69}.Debug|Any CPU.ActiveCfg = Debug|Any CPU
		{A183BF61-333B-A1B6-625D-101BB4996D69}.Debug|Any CPU.Build.0 = Debug|Any CPU
		{A183BF61-333B-A1B6-625D-101BB4996D69}.Release|Any CPU.ActiveCfg = Release|Any CPU
		{A183BF61-333B-A1B6-625D-101BB4996D69}.Release|Any CPU.Build.0 = Release|Any CPU
		{25DBB69F-176C-1A5B-D9A5-1308C2E3E178}.Debug|Any CPU.ActiveCfg = Debug|Any CPU
		{25DBB69F-176C-1A5B-D9A5-1308C2E3E178}.Debug|Any CPU.Build.0 = Debug|Any CPU
		{25DBB69F-176C-1A5B-D9A5-1308C2E3E178}.Release|Any CPU.ActiveCfg = Release|Any CPU
		{25DBB69F-176C-1A5B-D9A5-1308C2E3E178}.Release|Any CPU.Build.0 = Release|Any CPU
		{EEFB7BA4-D312-CFF4-D0B4-72DEC0923BDF}.Debug|Any CPU.ActiveCfg = Debug|Any CPU
		{EEFB7BA4-D312-CFF4-D0B4-72DEC0923BDF}.Debug|Any CPU.Build.0 = Debug|Any CPU
		{EEFB7BA4-D312-CFF4-D0B4-72DEC0923BDF}.Release|Any CPU.ActiveCfg = Release|Any CPU
		{EEFB7BA4-D312-CFF4-D0B4-72DEC0923BDF}.Release|Any CPU.Build.0 = Release|Any CPU
	EndGlobalSection
	GlobalSection(SolutionProperties) = preSolution
		HideSolutionNode = FALSE
	EndGlobalSection
	GlobalSection(MonoDevelopProperties) = preSolution
		StartupItem = Assembly-CSharp.csproj
	EndGlobalSection
EndGlobal
